{
  "name": "B-DEV-500-LIL-5-1-area-romain.leemans",
  "lockfileVersion": 2,
  "requires": true,
  "packages": {
    "": {
      "dependencies": {
        "twitter-api-v2": "^1.12.8",
        "uuid": "^9.0.0"
      }
    },
    "node_modules/twitter-api-v2": {
      "version": "1.12.8",
      "resolved": "https://registry.npmjs.org/twitter-api-v2/-/twitter-api-v2-1.12.8.tgz",
      "integrity": "sha512-2gRb1WEjuWWLPm2Sj90BH6VKx6rBXXPERP2v5fmhSwN8kvIRghCvKXwVF0NQz/qZA9k/VSqtygAe+YFlrr36RQ=="
    },
    "node_modules/uuid": {
      "version": "9.0.0",
      "resolved": "https://registry.npmjs.org/uuid/-/uuid-9.0.0.tgz",
      "integrity": "sha512-MXcSTerfPa4uqyzStbRoTgt5XIe3x5+42+q1sDuy3R5MDk66URdLMOZe5aPX/SQd+kuYAh0FdP/pO28IkQyTeg==",
      "bin": {
        "uuid": "dist/bin/uuid"
      }
    }
  },
  "dependencies": {
    "twitter-api-v2": {
      "version": "1.12.8",
      "resolved": "https://registry.npmjs.org/twitter-api-v2/-/twitter-api-v2-1.12.8.tgz",
      "integrity": "sha512-2gRb1WEjuWWLPm2Sj90BH6VKx6rBXXPERP2v5fmhSwN8kvIRghCvKXwVF0NQz/qZA9k/VSqtygAe+YFlrr36RQ=="
    },
    "uuid": {
      "version": "9.0.0",
      "resolved": "https://registry.npmjs.org/uuid/-/uuid-9.0.0.tgz",
      "integrity": "sha512-MXcSTerfPa4uqyzStbRoTgt5XIe3x5+42+q1sDuy3R5MDk66URdLMOZe5aPX/SQd+kuYAh0FdP/pO28IkQyTeg=="
    }
  }
}
